github.com/efreitasn/cfop v1.1.0 h1:oL88VlgK3i5hQIU9Zq7Mp7DFgItSBik8cez1yFpIeps=
github.com/efreitasn/cfop v1.1.0/go.mod h1:FzsuZvDQ8stCFut7A2DUfdl+WXL0kpEA8eDOPoRTpfg=
github.com/efreitasn/customo v1.0.0 h1:/DC+aXVDKpvyQ0EFv17UcXkTgZRfexgEFNuPqNV6z88=
github.com/efreitasn/customo v1.0.0/go.mod h1:y3KO/ZGOdUfBw6BVliDxpgmL6p5t4/dHskFX8Qc2z2U=
golang.org/x/sys v0.0.0-20191228213918-04cbcbbfeed8 h1:JA8d3MPx/IToSyXZG/RhwYEtfrKO1Fxrqe8KrkiLXKM=
golang.org/x/sys v0.0.0-20191228213918-04cbcbbfeed8/go.mod h1:h1NjWce9XRLGQEsW7wpKNCjG9DtNlClVuFLEZdDNbEs=
gopkg.in/check.v1 v0.0.0-20161208181325-20d25e280405 h1:yhCVgyC4o1eVCa2tZl7eS0r+SDo693bJlVdllGtEeKM=
gopkg.in/check.v1 v0.0.0-20161208181325-20d25e280405/go.mod h1:Co6ibVJAznAaIkqp8huTwlJQCZ016jof/cbN4VW5Yz0=
gopkg.in/yaml.v2 v2.2.8 h1:obN1ZagJSUGI0Ek/LBmuj4SNLPfIny3KsKFopxRdj10=
gopkg.in/yaml.v2 v2.2.8/go.mod h1:hI93XBmqTisBFMUTm0b8Fm+jr3Dg1NNxqwp+5A1VGuI=
